
Microsoft Visual Studio Solution File, Format Version 12.00
# Visual Studio Version 17
VisualStudioVersion = 17.0.31903.59
MinimumVisualStudioVersion = 10.0.40219.1
Project("{2150E333-8FDC-42A3-9474-1A3956D46DE8}") = "src", "src", "{827E0CD3-B72D-47B6-A68D-7590B98EB39B}"
EndProject
Project("{FAE04EC0-301F-11D3-BF4B-00C04F79EFBC}") = "Andy.TUI", "src\Andy.TUI\Andy.TUI.csproj", "{FD82910B-A0F0-4E7B-81EB-64C4870FFB45}"
EndProject
Project("{FAE04EC0-301F-11D3-BF4B-00C04F79EFBC}") = "Andy.TUI.Tests", "tests\Andy.TUI.Tests\Andy.TUI.Tests.csproj", "{547A4A07-D4EE-42EB-93C1-C5D56B4956B3}"
EndProject
Project("{FAE04EC0-301F-11D3-BF4B-00C04F79EFBC}") = "Andy.TUI.Examples", "examples\Andy.TUI.Examples\Andy.TUI.Examples.csproj", "{E18A0FE4-E48D-44A2-AAF8-775D8793E5E9}"
EndProject
Project("{FAE04EC0-301F-11D3-BF4B-00C04F79EFBC}") = "Andy.TUI.Core", "src\Andy.TUI.Core\Andy.TUI.Core.csproj", "{675C4EAB-7AE1-452D-AED9-37F770D4E60B}"
EndProject
Project("{FAE04EC0-301F-11D3-BF4B-00C04F79EFBC}") = "Andy.TUI.Terminal", "src\Andy.TUI.Terminal\Andy.TUI.Terminal.csproj", "{A5B8F3D2-4E9C-4B7D-9F8E-12D456789ABC}"
EndProject
Project("{FAE04EC0-301F-11D3-BF4B-00C04F79EFBC}") = "Andy.TUI.Terminal.Tests", "tests\Andy.TUI.Terminal.Tests\Andy.TUI.Terminal.Tests.csproj", "{B6C9E4D3-5F0D-4C8E-AF9F-23E567890BCD}"
EndProject
Project("{FAE04EC0-301F-11D3-BF4B-00C04F79EFBC}") = "Andy.TUI.Examples.Terminal", "examples\Andy.TUI.Examples.Terminal\Andy.TUI.Examples.Terminal.csproj", "{C7D0F5E4-6F1E-4D9F-BF0F-34F678901CDE}"
EndProject
Project("{FAE04EC0-301F-11D3-BF4B-00C04F79EFBC}") = "Andy.TUI.Declarative", "src\Andy.TUI.Declarative\Andy.TUI.Declarative.csproj", "{BB61BD03-6E3B-4E47-92DA-6446D3A1D6E3}"
EndProject
Project("{2150E333-8FDC-42A3-9474-1A3956D46DE8}") = "tests", "tests", "{0AB3BF05-4346-4AA6-1389-037BE0695223}"
EndProject
Project("{FAE04EC0-301F-11D3-BF4B-00C04F79EFBC}") = "Andy.TUI.Declarative.Tests", "tests\Andy.TUI.Declarative.Tests\Andy.TUI.Declarative.Tests.csproj", "{7FC4C5CA-9487-4598-B3C5-E3C911C26DC2}"
EndProject
Project("{2150E333-8FDC-42A3-9474-1A3956D46DE8}") = "examples", "examples", "{B36A84DF-456D-A817-6EDD-3EC3E7F6E11F}"
EndProject
Project("{FAE04EC0-301F-11D3-BF4B-00C04F79EFBC}") = "Andy.TUI.Examples.BubbleTea", "examples\Andy.TUI.Examples.BubbleTea\Andy.TUI.Examples.BubbleTea.csproj", "{6B99631E-3D3A-4F88-A34F-7E2C8A04B1C9}"
EndProject
Project("{FAE04EC0-301F-11D3-BF4B-00C04F79EFBC}") = "Andy.TUI.Examples.Input", "examples\Andy.TUI.Examples.Input\Andy.TUI.Examples.Input.csproj", "{5056D07D-E95C-45A0-8BD7-32B10BADA29F}"
EndProject
Project("{FAE04EC0-301F-11D3-BF4B-00C04F79EFBC}") = "Andy.TUI.VirtualDom.Tests", "tests\Andy.TUI.VirtualDom.Tests\Andy.TUI.VirtualDom.Tests.csproj", "{B9228613-5DAC-4B15-932C-6F82EBCD09E4}"
EndProject
Project("{FAE04EC0-301F-11D3-BF4B-00C04F79EFBC}") = "Andy.TUI.Observable.Tests", "tests\Andy.TUI.Observable.Tests\Andy.TUI.Observable.Tests.csproj", "{39D4042C-F055-4FDA-806C-A96ADDEB8A35}"
EndProject
Project("{FAE04EC0-301F-11D3-BF4B-00C04F79EFBC}") = "Andy.TUI.Spatial.Tests", "tests\Andy.TUI.Spatial.Tests\Andy.TUI.Spatial.Tests.csproj", "{426BBEA0-7F54-4E4B-9615-7830F29026AB}"
EndProject
Project("{FAE04EC0-301F-11D3-BF4B-00C04F79EFBC}") = "Andy.TUI.Layout", "src\Andy.TUI.Layout\Andy.TUI.Layout.csproj", "{08B0F3C9-B9E0-473E-9E04-6C063E026618}"
EndProject
Project("{FAE04EC0-301F-11D3-BF4B-00C04F79EFBC}") = "Andy.TUI.VirtualDom", "src\Andy.TUI.VirtualDom\Andy.TUI.VirtualDom.csproj", "{13EFF4D6-C5D3-4B08-B7F9-CE8BC4D6DB4E}"
EndProject
Project("{FAE04EC0-301F-11D3-BF4B-00C04F79EFBC}") = "Andy.TUI.Observable", "src\Andy.TUI.Observable\Andy.TUI.Observable.csproj", "{D7EB3235-8490-4A58-8CD2-DDFA4E0F5BB1}"
EndProject
Project("{FAE04EC0-301F-11D3-BF4B-00C04F79EFBC}") = "Andy.TUI.Spatial", "src\Andy.TUI.Spatial\Andy.TUI.Spatial.csproj", "{5507E9C6-4BFA-420A-AC6F-843865647A27}"
EndProject
Project("{FAE04EC0-301F-11D3-BF4B-00C04F79EFBC}") = "Andy.TUI.Diagnostics", "src\Andy.TUI.Diagnostics\Andy.TUI.Diagnostics.csproj", "{7F702A06-DBE1-4299-A723-D52294B2E014}"
EndProject
Project("{FAE04EC0-301F-11D3-BF4B-00C04F79EFBC}") = "Andy.TUI.Core.Tests", "tests\Andy.TUI.Core.Tests\Andy.TUI.Core.Tests.csproj", "{3BDA9632-8118-48F1-AD70-8A0E0B32B988}"
EndProject
Project("{FAE04EC0-301F-11D3-BF4B-00C04F79EFBC}") = "Andy.TUI.Layout.Tests", "tests\Andy.TUI.Layout.Tests\Andy.TUI.Layout.Tests.csproj", "{9DA54E1D-56EA-4BE6-AAB1-F1671D35EA67}"
EndProject
Project("{FAE04EC0-301F-11D3-BF4B-00C04F79EFBC}") = "Andy.TUI.Tests.Common", "tests\Andy.TUI.Tests.Common\Andy.TUI.Tests.Common.csproj", "{E3B5A30C-ECDD-4C2B-A9F8-28329CF94A61}"
EndProject
Project("{FAE04EC0-301F-11D3-BF4B-00C04F79EFBC}") = "Andy.TUI.Diagnostics.Tests", "tests\Andy.TUI.Diagnostics.Tests\Andy.TUI.Diagnostics.Tests.csproj", "{C8EBE315-5DA6-4087-860C-561342AEBA03}"
EndProject
Project("{FAE04EC0-301F-11D3-BF4B-00C04F79EFBC}") = "Andy.TUI.Examples.Chat", "examples\Andy.TUI.Examples.Chat\Andy.TUI.Examples.Chat.csproj", "{55827AB6-5A62-4DFE-9699-688F7F990C30}"
EndProject
Project("{FAE04EC0-301F-11D3-BF4B-00C04F79EFBC}") = "Andy.TUI.Theming", "src\Andy.TUI.Theming\Andy.TUI.Theming.csproj", "{56324FCA-1802-45F2-B73B-24F7D663D967}"
EndProject
Project("{FAE04EC0-301F-11D3-BF4B-00C04F79EFBC}") = "Andy.TUI.Theming.Tests", "tests\Andy.TUI.Theming.Tests\Andy.TUI.Theming.Tests.csproj", "{977134BD-85BD-4F69-9895-E207BDB9DEE7}"
EndProject
Global
	GlobalSection(SolutionConfigurationPlatforms) = preSolution
		Debug|Any CPU = Debug|Any CPU
		Debug|x64 = Debug|x64
		Debug|x86 = Debug|x86
		Release|Any CPU = Release|Any CPU
		Release|x64 = Release|x64
		Release|x86 = Release|x86
	EndGlobalSection
	GlobalSection(ProjectConfigurationPlatforms) = postSolution
		{FD82910B-A0F0-4E7B-81EB-64C4870FFB45}.Debug|Any CPU.ActiveCfg = Debug|Any CPU
		{FD82910B-A0F0-4E7B-81EB-64C4870FFB45}.Debug|Any CPU.Build.0 = Debug|Any CPU
		{FD82910B-A0F0-4E7B-81EB-64C4870FFB45}.Debug|x64.ActiveCfg = Debug|Any CPU
		{FD82910B-A0F0-4E7B-81EB-64C4870FFB45}.Debug|x64.Build.0 = Debug|Any CPU
		{FD82910B-A0F0-4E7B-81EB-64C4870FFB45}.Debug|x86.ActiveCfg = Debug|Any CPU
		{FD82910B-A0F0-4E7B-81EB-64C4870FFB45}.Debug|x86.Build.0 = Debug|Any CPU
		{FD82910B-A0F0-4E7B-81EB-64C4870FFB45}.Release|Any CPU.ActiveCfg = Release|Any CPU
		{FD82910B-A0F0-4E7B-81EB-64C4870FFB45}.Release|Any CPU.Build.0 = Release|Any CPU
		{FD82910B-A0F0-4E7B-81EB-64C4870FFB45}.Release|x64.ActiveCfg = Release|Any CPU
		{FD82910B-A0F0-4E7B-81EB-64C4870FFB45}.Release|x64.Build.0 = Release|Any CPU
		{FD82910B-A0F0-4E7B-81EB-64C4870FFB45}.Release|x86.ActiveCfg = Release|Any CPU
		{FD82910B-A0F0-4E7B-81EB-64C4870FFB45}.Release|x86.Build.0 = Release|Any CPU
		{547A4A07-D4EE-42EB-93C1-C5D56B4956B3}.Debug|Any CPU.ActiveCfg = Debug|Any CPU
		{547A4A07-D4EE-42EB-93C1-C5D56B4956B3}.Debug|Any CPU.Build.0 = Debug|Any CPU
		{547A4A07-D4EE-42EB-93C1-C5D56B4956B3}.Debug|x64.ActiveCfg = Debug|Any CPU
		{547A4A07-D4EE-42EB-93C1-C5D56B4956B3}.Debug|x64.Build.0 = Debug|Any CPU
		{547A4A07-D4EE-42EB-93C1-C5D56B4956B3}.Debug|x86.ActiveCfg = Debug|Any CPU
		{547A4A07-D4EE-42EB-93C1-C5D56B4956B3}.Debug|x86.Build.0 = Debug|Any CPU
		{547A4A07-D4EE-42EB-93C1-C5D56B4956B3}.Release|Any CPU.ActiveCfg = Release|Any CPU
		{547A4A07-D4EE-42EB-93C1-C5D56B4956B3}.Release|Any CPU.Build.0 = Release|Any CPU
		{547A4A07-D4EE-42EB-93C1-C5D56B4956B3}.Release|x64.ActiveCfg = Release|Any CPU
		{547A4A07-D4EE-42EB-93C1-C5D56B4956B3}.Release|x64.Build.0 = Release|Any CPU
		{547A4A07-D4EE-42EB-93C1-C5D56B4956B3}.Release|x86.ActiveCfg = Release|Any CPU
		{547A4A07-D4EE-42EB-93C1-C5D56B4956B3}.Release|x86.Build.0 = Release|Any CPU
		{E18A0FE4-E48D-44A2-AAF8-775D8793E5E9}.Debug|Any CPU.ActiveCfg = Debug|Any CPU
		{E18A0FE4-E48D-44A2-AAF8-775D8793E5E9}.Debug|Any CPU.Build.0 = Debug|Any CPU
		{E18A0FE4-E48D-44A2-AAF8-775D8793E5E9}.Debug|x64.ActiveCfg = Debug|Any CPU
		{E18A0FE4-E48D-44A2-AAF8-775D8793E5E9}.Debug|x64.Build.0 = Debug|Any CPU
		{E18A0FE4-E48D-44A2-AAF8-775D8793E5E9}.Debug|x86.ActiveCfg = Debug|Any CPU
		{E18A0FE4-E48D-44A2-AAF8-775D8793E5E9}.Debug|x86.Build.0 = Debug|Any CPU
		{E18A0FE4-E48D-44A2-AAF8-775D8793E5E9}.Release|Any CPU.ActiveCfg = Release|Any CPU
		{E18A0FE4-E48D-44A2-AAF8-775D8793E5E9}.Release|Any CPU.Build.0 = Release|Any CPU
		{E18A0FE4-E48D-44A2-AAF8-775D8793E5E9}.Release|x64.ActiveCfg = Release|Any CPU
		{E18A0FE4-E48D-44A2-AAF8-775D8793E5E9}.Release|x64.Build.0 = Release|Any CPU
		{E18A0FE4-E48D-44A2-AAF8-775D8793E5E9}.Release|x86.ActiveCfg = Release|Any CPU
		{E18A0FE4-E48D-44A2-AAF8-775D8793E5E9}.Release|x86.Build.0 = Release|Any CPU
		{675C4EAB-7AE1-452D-AED9-37F770D4E60B}.Debug|Any CPU.ActiveCfg = Debug|Any CPU
		{675C4EAB-7AE1-452D-AED9-37F770D4E60B}.Debug|Any CPU.Build.0 = Debug|Any CPU
		{675C4EAB-7AE1-452D-AED9-37F770D4E60B}.Debug|x64.ActiveCfg = Debug|Any CPU
		{675C4EAB-7AE1-452D-AED9-37F770D4E60B}.Debug|x64.Build.0 = Debug|Any CPU
		{675C4EAB-7AE1-452D-AED9-37F770D4E60B}.Debug|x86.ActiveCfg = Debug|Any CPU
		{675C4EAB-7AE1-452D-AED9-37F770D4E60B}.Debug|x86.Build.0 = Debug|Any CPU
		{675C4EAB-7AE1-452D-AED9-37F770D4E60B}.Release|Any CPU.ActiveCfg = Release|Any CPU
		{675C4EAB-7AE1-452D-AED9-37F770D4E60B}.Release|Any CPU.Build.0 = Release|Any CPU
		{675C4EAB-7AE1-452D-AED9-37F770D4E60B}.Release|x64.ActiveCfg = Release|Any CPU
		{675C4EAB-7AE1-452D-AED9-37F770D4E60B}.Release|x64.Build.0 = Release|Any CPU
		{675C4EAB-7AE1-452D-AED9-37F770D4E60B}.Release|x86.ActiveCfg = Release|Any CPU
		{675C4EAB-7AE1-452D-AED9-37F770D4E60B}.Release|x86.Build.0 = Release|Any CPU
		{A5B8F3D2-4E9C-4B7D-9F8E-12D456789ABC}.Debug|Any CPU.ActiveCfg = Debug|Any CPU
		{A5B8F3D2-4E9C-4B7D-9F8E-12D456789ABC}.Debug|Any CPU.Build.0 = Debug|Any CPU
		{A5B8F3D2-4E9C-4B7D-9F8E-12D456789ABC}.Debug|x64.ActiveCfg = Debug|Any CPU
		{A5B8F3D2-4E9C-4B7D-9F8E-12D456789ABC}.Debug|x64.Build.0 = Debug|Any CPU
		{A5B8F3D2-4E9C-4B7D-9F8E-12D456789ABC}.Debug|x86.ActiveCfg = Debug|Any CPU
		{A5B8F3D2-4E9C-4B7D-9F8E-12D456789ABC}.Debug|x86.Build.0 = Debug|Any CPU
		{A5B8F3D2-4E9C-4B7D-9F8E-12D456789ABC}.Release|Any CPU.ActiveCfg = Release|Any CPU
		{A5B8F3D2-4E9C-4B7D-9F8E-12D456789ABC}.Release|Any CPU.Build.0 = Release|Any CPU
		{A5B8F3D2-4E9C-4B7D-9F8E-12D456789ABC}.Release|x64.ActiveCfg = Release|Any CPU
		{A5B8F3D2-4E9C-4B7D-9F8E-12D456789ABC}.Release|x64.Build.0 = Release|Any CPU
		{A5B8F3D2-4E9C-4B7D-9F8E-12D456789ABC}.Release|x86.ActiveCfg = Release|Any CPU
		{A5B8F3D2-4E9C-4B7D-9F8E-12D456789ABC}.Release|x86.Build.0 = Release|Any CPU
		{B6C9E4D3-5F0D-4C8E-AF9F-23E567890BCD}.Debug|Any CPU.ActiveCfg = Debug|Any CPU
		{B6C9E4D3-5F0D-4C8E-AF9F-23E567890BCD}.Debug|Any CPU.Build.0 = Debug|Any CPU
		{B6C9E4D3-5F0D-4C8E-AF9F-23E567890BCD}.Debug|x64.ActiveCfg = Debug|Any CPU
		{B6C9E4D3-5F0D-4C8E-AF9F-23E567890BCD}.Debug|x64.Build.0 = Debug|Any CPU
		{B6C9E4D3-5F0D-4C8E-AF9F-23E567890BCD}.Debug|x86.ActiveCfg = Debug|Any CPU
		{B6C9E4D3-5F0D-4C8E-AF9F-23E567890BCD}.Debug|x86.Build.0 = Debug|Any CPU
		{B6C9E4D3-5F0D-4C8E-AF9F-23E567890BCD}.Release|Any CPU.ActiveCfg = Release|Any CPU
		{B6C9E4D3-5F0D-4C8E-AF9F-23E567890BCD}.Release|Any CPU.Build.0 = Release|Any CPU
		{B6C9E4D3-5F0D-4C8E-AF9F-23E567890BCD}.Release|x64.ActiveCfg = Release|Any CPU
		{B6C9E4D3-5F0D-4C8E-AF9F-23E567890BCD}.Release|x64.Build.0 = Release|Any CPU
		{B6C9E4D3-5F0D-4C8E-AF9F-23E567890BCD}.Release|x86.ActiveCfg = Release|Any CPU
		{B6C9E4D3-5F0D-4C8E-AF9F-23E567890BCD}.Release|x86.Build.0 = Release|Any CPU
		{C7D0F5E4-6F1E-4D9F-BF0F-34F678901CDE}.Debug|Any CPU.ActiveCfg = Debug|Any CPU
		{C7D0F5E4-6F1E-4D9F-BF0F-34F678901CDE}.Debug|Any CPU.Build.0 = Debug|Any CPU
		{C7D0F5E4-6F1E-4D9F-BF0F-34F678901CDE}.Debug|x64.ActiveCfg = Debug|Any CPU
		{C7D0F5E4-6F1E-4D9F-BF0F-34F678901CDE}.Debug|x64.Build.0 = Debug|Any CPU
		{C7D0F5E4-6F1E-4D9F-BF0F-34F678901CDE}.Debug|x86.ActiveCfg = Debug|Any CPU
		{C7D0F5E4-6F1E-4D9F-BF0F-34F678901CDE}.Debug|x86.Build.0 = Debug|Any CPU
		{C7D0F5E4-6F1E-4D9F-BF0F-34F678901CDE}.Release|Any CPU.ActiveCfg = Release|Any CPU
		{C7D0F5E4-6F1E-4D9F-BF0F-34F678901CDE}.Release|Any CPU.Build.0 = Release|Any CPU
		{C7D0F5E4-6F1E-4D9F-BF0F-34F678901CDE}.Release|x64.ActiveCfg = Release|Any CPU
		{C7D0F5E4-6F1E-4D9F-BF0F-34F678901CDE}.Release|x64.Build.0 = Release|Any CPU
		{C7D0F5E4-6F1E-4D9F-BF0F-34F678901CDE}.Release|x86.ActiveCfg = Release|Any CPU
		{C7D0F5E4-6F1E-4D9F-BF0F-34F678901CDE}.Release|x86.Build.0 = Release|Any CPU
		{BB61BD03-6E3B-4E47-92DA-6446D3A1D6E3}.Debug|Any CPU.ActiveCfg = Debug|Any CPU
		{BB61BD03-6E3B-4E47-92DA-6446D3A1D6E3}.Debug|Any CPU.Build.0 = Debug|Any CPU
		{BB61BD03-6E3B-4E47-92DA-6446D3A1D6E3}.Debug|x64.ActiveCfg = Debug|Any CPU
		{BB61BD03-6E3B-4E47-92DA-6446D3A1D6E3}.Debug|x64.Build.0 = Debug|Any CPU
		{BB61BD03-6E3B-4E47-92DA-6446D3A1D6E3}.Debug|x86.ActiveCfg = Debug|Any CPU
		{BB61BD03-6E3B-4E47-92DA-6446D3A1D6E3}.Debug|x86.Build.0 = Debug|Any CPU
		{BB61BD03-6E3B-4E47-92DA-6446D3A1D6E3}.Release|Any CPU.ActiveCfg = Release|Any CPU
		{BB61BD03-6E3B-4E47-92DA-6446D3A1D6E3}.Release|Any CPU.Build.0 = Release|Any CPU
		{BB61BD03-6E3B-4E47-92DA-6446D3A1D6E3}.Release|x64.ActiveCfg = Release|Any CPU
		{BB61BD03-6E3B-4E47-92DA-6446D3A1D6E3}.Release|x64.Build.0 = Release|Any CPU
		{BB61BD03-6E3B-4E47-92DA-6446D3A1D6E3}.Release|x86.ActiveCfg = Release|Any CPU
		{BB61BD03-6E3B-4E47-92DA-6446D3A1D6E3}.Release|x86.Build.0 = Release|Any CPU
		{7FC4C5CA-9487-4598-B3C5-E3C911C26DC2}.Debug|Any CPU.ActiveCfg = Debug|Any CPU
		{7FC4C5CA-9487-4598-B3C5-E3C911C26DC2}.Debug|Any CPU.Build.0 = Debug|Any CPU
		{7FC4C5CA-9487-4598-B3C5-E3C911C26DC2}.Debug|x64.ActiveCfg = Debug|Any CPU
		{7FC4C5CA-9487-4598-B3C5-E3C911C26DC2}.Debug|x64.Build.0 = Debug|Any CPU
		{7FC4C5CA-9487-4598-B3C5-E3C911C26DC2}.Debug|x86.ActiveCfg = Debug|Any CPU
		{7FC4C5CA-9487-4598-B3C5-E3C911C26DC2}.Debug|x86.Build.0 = Debug|Any CPU
		{7FC4C5CA-9487-4598-B3C5-E3C911C26DC2}.Release|Any CPU.ActiveCfg = Release|Any CPU
		{7FC4C5CA-9487-4598-B3C5-E3C911C26DC2}.Release|Any CPU.Build.0 = Release|Any CPU
		{7FC4C5CA-9487-4598-B3C5-E3C911C26DC2}.Release|x64.ActiveCfg = Release|Any CPU
		{7FC4C5CA-9487-4598-B3C5-E3C911C26DC2}.Release|x64.Build.0 = Release|Any CPU
		{7FC4C5CA-9487-4598-B3C5-E3C911C26DC2}.Release|x86.ActiveCfg = Release|Any CPU
		{7FC4C5CA-9487-4598-B3C5-E3C911C26DC2}.Release|x86.Build.0 = Release|Any CPU
		{6B99631E-3D3A-4F88-A34F-7E2C8A04B1C9}.Debug|Any CPU.ActiveCfg = Debug|Any CPU
		{6B99631E-3D3A-4F88-A34F-7E2C8A04B1C9}.Debug|Any CPU.Build.0 = Debug|Any CPU
		{6B99631E-3D3A-4F88-A34F-7E2C8A04B1C9}.Debug|x64.ActiveCfg = Debug|Any CPU
		{6B99631E-3D3A-4F88-A34F-7E2C8A04B1C9}.Debug|x64.Build.0 = Debug|Any CPU
		{6B99631E-3D3A-4F88-A34F-7E2C8A04B1C9}.Debug|x86.ActiveCfg = Debug|Any CPU
		{6B99631E-3D3A-4F88-A34F-7E2C8A04B1C9}.Debug|x86.Build.0 = Debug|Any CPU
		{6B99631E-3D3A-4F88-A34F-7E2C8A04B1C9}.Release|Any CPU.ActiveCfg = Release|Any CPU
		{6B99631E-3D3A-4F88-A34F-7E2C8A04B1C9}.Release|Any CPU.Build.0 = Release|Any CPU
		{6B99631E-3D3A-4F88-A34F-7E2C8A04B1C9}.Release|x64.ActiveCfg = Release|Any CPU
		{6B99631E-3D3A-4F88-A34F-7E2C8A04B1C9}.Release|x64.Build.0 = Release|Any CPU
		{6B99631E-3D3A-4F88-A34F-7E2C8A04B1C9}.Release|x86.ActiveCfg = Release|Any CPU
		{6B99631E-3D3A-4F88-A34F-7E2C8A04B1C9}.Release|x86.Build.0 = Release|Any CPU
		{5056D07D-E95C-45A0-8BD7-32B10BADA29F}.Debug|Any CPU.ActiveCfg = Debug|Any CPU
		{5056D07D-E95C-45A0-8BD7-32B10BADA29F}.Debug|Any CPU.Build.0 = Debug|Any CPU
		{5056D07D-E95C-45A0-8BD7-32B10BADA29F}.Debug|x64.ActiveCfg = Debug|Any CPU
		{5056D07D-E95C-45A0-8BD7-32B10BADA29F}.Debug|x64.Build.0 = Debug|Any CPU
		{5056D07D-E95C-45A0-8BD7-32B10BADA29F}.Debug|x86.ActiveCfg = Debug|Any CPU
		{5056D07D-E95C-45A0-8BD7-32B10BADA29F}.Debug|x86.Build.0 = Debug|Any CPU
		{5056D07D-E95C-45A0-8BD7-32B10BADA29F}.Release|Any CPU.ActiveCfg = Release|Any CPU
		{5056D07D-E95C-45A0-8BD7-32B10BADA29F}.Release|Any CPU.Build.0 = Release|Any CPU
		{5056D07D-E95C-45A0-8BD7-32B10BADA29F}.Release|x64.ActiveCfg = Release|Any CPU
		{5056D07D-E95C-45A0-8BD7-32B10BADA29F}.Release|x64.Build.0 = Release|Any CPU
		{5056D07D-E95C-45A0-8BD7-32B10BADA29F}.Release|x86.ActiveCfg = Release|Any CPU
		{5056D07D-E95C-45A0-8BD7-32B10BADA29F}.Release|x86.Build.0 = Release|Any CPU
		{B9228613-5DAC-4B15-932C-6F82EBCD09E4}.Debug|Any CPU.ActiveCfg = Debug|Any CPU
		{B9228613-5DAC-4B15-932C-6F82EBCD09E4}.Debug|Any CPU.Build.0 = Debug|Any CPU
		{B9228613-5DAC-4B15-932C-6F82EBCD09E4}.Debug|x64.ActiveCfg = Debug|Any CPU
		{B9228613-5DAC-4B15-932C-6F82EBCD09E4}.Debug|x64.Build.0 = Debug|Any CPU
		{B9228613-5DAC-4B15-932C-6F82EBCD09E4}.Debug|x86.ActiveCfg = Debug|Any CPU
		{B9228613-5DAC-4B15-932C-6F82EBCD09E4}.Debug|x86.Build.0 = Debug|Any CPU
		{B9228613-5DAC-4B15-932C-6F82EBCD09E4}.Release|Any CPU.ActiveCfg = Release|Any CPU
		{B9228613-5DAC-4B15-932C-6F82EBCD09E4}.Release|Any CPU.Build.0 = Release|Any CPU
		{B9228613-5DAC-4B15-932C-6F82EBCD09E4}.Release|x64.ActiveCfg = Release|Any CPU
		{B9228613-5DAC-4B15-932C-6F82EBCD09E4}.Release|x64.Build.0 = Release|Any CPU
		{B9228613-5DAC-4B15-932C-6F82EBCD09E4}.Release|x86.ActiveCfg = Release|Any CPU
		{B9228613-5DAC-4B15-932C-6F82EBCD09E4}.Release|x86.Build.0 = Release|Any CPU
		{39D4042C-F055-4FDA-806C-A96ADDEB8A35}.Debug|Any CPU.ActiveCfg = Debug|Any CPU
		{39D4042C-F055-4FDA-806C-A96ADDEB8A35}.Debug|Any CPU.Build.0 = Debug|Any CPU
		{39D4042C-F055-4FDA-806C-A96ADDEB8A35}.Debug|x64.ActiveCfg = Debug|Any CPU
		{39D4042C-F055-4FDA-806C-A96ADDEB8A35}.Debug|x64.Build.0 = Debug|Any CPU
		{39D4042C-F055-4FDA-806C-A96ADDEB8A35}.Debug|x86.ActiveCfg = Debug|Any CPU
		{39D4042C-F055-4FDA-806C-A96ADDEB8A35}.Debug|x86.Build.0 = Debug|Any CPU
		{39D4042C-F055-4FDA-806C-A96ADDEB8A35}.Release|Any CPU.ActiveCfg = Release|Any CPU
		{39D4042C-F055-4FDA-806C-A96ADDEB8A35}.Release|Any CPU.Build.0 = Release|Any CPU
		{39D4042C-F055-4FDA-806C-A96ADDEB8A35}.Release|x64.ActiveCfg = Release|Any CPU
		{39D4042C-F055-4FDA-806C-A96ADDEB8A35}.Release|x64.Build.0 = Release|Any CPU
		{39D4042C-F055-4FDA-806C-A96ADDEB8A35}.Release|x86.ActiveCfg = Release|Any CPU
		{39D4042C-F055-4FDA-806C-A96ADDEB8A35}.Release|x86.Build.0 = Release|Any CPU
		{426BBEA0-7F54-4E4B-9615-7830F29026AB}.Debug|Any CPU.ActiveCfg = Debug|Any CPU
		{426BBEA0-7F54-4E4B-9615-7830F29026AB}.Debug|Any CPU.Build.0 = Debug|Any CPU
		{426BBEA0-7F54-4E4B-9615-7830F29026AB}.Debug|x64.ActiveCfg = Debug|Any CPU
		{426BBEA0-7F54-4E4B-9615-7830F29026AB}.Debug|x64.Build.0 = Debug|Any CPU
		{426BBEA0-7F54-4E4B-9615-7830F29026AB}.Debug|x86.ActiveCfg = Debug|Any CPU
		{426BBEA0-7F54-4E4B-9615-7830F29026AB}.Debug|x86.Build.0 = Debug|Any CPU
		{426BBEA0-7F54-4E4B-9615-7830F29026AB}.Release|Any CPU.ActiveCfg = Release|Any CPU
		{426BBEA0-7F54-4E4B-9615-7830F29026AB}.Release|Any CPU.Build.0 = Release|Any CPU
		{426BBEA0-7F54-4E4B-9615-7830F29026AB}.Release|x64.ActiveCfg = Release|Any CPU
		{426BBEA0-7F54-4E4B-9615-7830F29026AB}.Release|x64.Build.0 = Release|Any CPU
		{426BBEA0-7F54-4E4B-9615-7830F29026AB}.Release|x86.ActiveCfg = Release|Any CPU
		{426BBEA0-7F54-4E4B-9615-7830F29026AB}.Release|x86.Build.0 = Release|Any CPU
		{08B0F3C9-B9E0-473E-9E04-6C063E026618}.Debug|Any CPU.ActiveCfg = Debug|Any CPU
		{08B0F3C9-B9E0-473E-9E04-6C063E026618}.Debug|Any CPU.Build.0 = Debug|Any CPU
		{08B0F3C9-B9E0-473E-9E04-6C063E026618}.Debug|x64.ActiveCfg = Debug|Any CPU
		{08B0F3C9-B9E0-473E-9E04-6C063E026618}.Debug|x64.Build.0 = Debug|Any CPU
		{08B0F3C9-B9E0-473E-9E04-6C063E026618}.Debug|x86.ActiveCfg = Debug|Any CPU
		{08B0F3C9-B9E0-473E-9E04-6C063E026618}.Debug|x86.Build.0 = Debug|Any CPU
		{08B0F3C9-B9E0-473E-9E04-6C063E026618}.Release|Any CPU.ActiveCfg = Release|Any CPU
		{08B0F3C9-B9E0-473E-9E04-6C063E026618}.Release|Any CPU.Build.0 = Release|Any CPU
		{08B0F3C9-B9E0-473E-9E04-6C063E026618}.Release|x64.ActiveCfg = Release|Any CPU
		{08B0F3C9-B9E0-473E-9E04-6C063E026618}.Release|x64.Build.0 = Release|Any CPU
		{08B0F3C9-B9E0-473E-9E04-6C063E026618}.Release|x86.ActiveCfg = Release|Any CPU
		{08B0F3C9-B9E0-473E-9E04-6C063E026618}.Release|x86.Build.0 = Release|Any CPU
		{13EFF4D6-C5D3-4B08-B7F9-CE8BC4D6DB4E}.Debug|Any CPU.ActiveCfg = Debug|Any CPU
		{13EFF4D6-C5D3-4B08-B7F9-CE8BC4D6DB4E}.Debug|Any CPU.Build.0 = Debug|Any CPU
		{13EFF4D6-C5D3-4B08-B7F9-CE8BC4D6DB4E}.Debug|x64.ActiveCfg = Debug|Any CPU
		{13EFF4D6-C5D3-4B08-B7F9-CE8BC4D6DB4E}.Debug|x64.Build.0 = Debug|Any CPU
		{13EFF4D6-C5D3-4B08-B7F9-CE8BC4D6DB4E}.Debug|x86.ActiveCfg = Debug|Any CPU
		{13EFF4D6-C5D3-4B08-B7F9-CE8BC4D6DB4E}.Debug|x86.Build.0 = Debug|Any CPU
		{13EFF4D6-C5D3-4B08-B7F9-CE8BC4D6DB4E}.Release|Any CPU.ActiveCfg = Release|Any CPU
		{13EFF4D6-C5D3-4B08-B7F9-CE8BC4D6DB4E}.Release|Any CPU.Build.0 = Release|Any CPU
		{13EFF4D6-C5D3-4B08-B7F9-CE8BC4D6DB4E}.Release|x64.ActiveCfg = Release|Any CPU
		{13EFF4D6-C5D3-4B08-B7F9-CE8BC4D6DB4E}.Release|x64.Build.0 = Release|Any CPU
		{13EFF4D6-C5D3-4B08-B7F9-CE8BC4D6DB4E}.Release|x86.ActiveCfg = Release|Any CPU
		{13EFF4D6-C5D3-4B08-B7F9-CE8BC4D6DB4E}.Release|x86.Build.0 = Release|Any CPU
		{D7EB3235-8490-4A58-8CD2-DDFA4E0F5BB1}.Debug|Any CPU.ActiveCfg = Debug|Any CPU
		{D7EB3235-8490-4A58-8CD2-DDFA4E0F5BB1}.Debug|Any CPU.Build.0 = Debug|Any CPU
		{D7EB3235-8490-4A58-8CD2-DDFA4E0F5BB1}.Debug|x64.ActiveCfg = Debug|Any CPU
		{D7EB3235-8490-4A58-8CD2-DDFA4E0F5BB1}.Debug|x64.Build.0 = Debug|Any CPU
		{D7EB3235-8490-4A58-8CD2-DDFA4E0F5BB1}.Debug|x86.ActiveCfg = Debug|Any CPU
		{D7EB3235-8490-4A58-8CD2-DDFA4E0F5BB1}.Debug|x86.Build.0 = Debug|Any CPU
		{D7EB3235-8490-4A58-8CD2-DDFA4E0F5BB1}.Release|Any CPU.ActiveCfg = Release|Any CPU
		{D7EB3235-8490-4A58-8CD2-DDFA4E0F5BB1}.Release|Any CPU.Build.0 = Release|Any CPU
		{D7EB3235-8490-4A58-8CD2-DDFA4E0F5BB1}.Release|x64.ActiveCfg = Release|Any CPU
		{D7EB3235-8490-4A58-8CD2-DDFA4E0F5BB1}.Release|x64.Build.0 = Release|Any CPU
		{D7EB3235-8490-4A58-8CD2-DDFA4E0F5BB1}.Release|x86.ActiveCfg = Release|Any CPU
		{D7EB3235-8490-4A58-8CD2-DDFA4E0F5BB1}.Release|x86.Build.0 = Release|Any CPU
		{5507E9C6-4BFA-420A-AC6F-843865647A27}.Debug|Any CPU.ActiveCfg = Debug|Any CPU
		{5507E9C6-4BFA-420A-AC6F-843865647A27}.Debug|Any CPU.Build.0 = Debug|Any CPU
		{5507E9C6-4BFA-420A-AC6F-843865647A27}.Debug|x64.ActiveCfg = Debug|Any CPU
		{5507E9C6-4BFA-420A-AC6F-843865647A27}.Debug|x64.Build.0 = Debug|Any CPU
		{5507E9C6-4BFA-420A-AC6F-843865647A27}.Debug|x86.ActiveCfg = Debug|Any CPU
		{5507E9C6-4BFA-420A-AC6F-843865647A27}.Debug|x86.Build.0 = Debug|Any CPU
		{5507E9C6-4BFA-420A-AC6F-843865647A27}.Release|Any CPU.ActiveCfg = Release|Any CPU
		{5507E9C6-4BFA-420A-AC6F-843865647A27}.Release|Any CPU.Build.0 = Release|Any CPU
		{5507E9C6-4BFA-420A-AC6F-843865647A27}.Release|x64.ActiveCfg = Release|Any CPU
		{5507E9C6-4BFA-420A-AC6F-843865647A27}.Release|x64.Build.0 = Release|Any CPU
		{5507E9C6-4BFA-420A-AC6F-843865647A27}.Release|x86.ActiveCfg = Release|Any CPU
		{5507E9C6-4BFA-420A-AC6F-843865647A27}.Release|x86.Build.0 = Release|Any CPU
		{7F702A06-DBE1-4299-A723-D52294B2E014}.Debug|Any CPU.ActiveCfg = Debug|Any CPU
		{7F702A06-DBE1-4299-A723-D52294B2E014}.Debug|Any CPU.Build.0 = Debug|Any CPU
		{7F702A06-DBE1-4299-A723-D52294B2E014}.Debug|x64.ActiveCfg = Debug|Any CPU
		{7F702A06-DBE1-4299-A723-D52294B2E014}.Debug|x64.Build.0 = Debug|Any CPU
		{7F702A06-DBE1-4299-A723-D52294B2E014}.Debug|x86.ActiveCfg = Debug|Any CPU
		{7F702A06-DBE1-4299-A723-D52294B2E014}.Debug|x86.Build.0 = Debug|Any CPU
		{7F702A06-DBE1-4299-A723-D52294B2E014}.Release|Any CPU.ActiveCfg = Release|Any CPU
		{7F702A06-DBE1-4299-A723-D52294B2E014}.Release|Any CPU.Build.0 = Release|Any CPU
		{7F702A06-DBE1-4299-A723-D52294B2E014}.Release|x64.ActiveCfg = Release|Any CPU
		{7F702A06-DBE1-4299-A723-D52294B2E014}.Release|x64.Build.0 = Release|Any CPU
		{7F702A06-DBE1-4299-A723-D52294B2E014}.Release|x86.ActiveCfg = Release|Any CPU
		{7F702A06-DBE1-4299-A723-D52294B2E014}.Release|x86.Build.0 = Release|Any CPU
		{3BDA9632-8118-48F1-AD70-8A0E0B32B988}.Debug|Any CPU.ActiveCfg = Debug|Any CPU
		{3BDA9632-8118-48F1-AD70-8A0E0B32B988}.Debug|Any CPU.Build.0 = Debug|Any CPU
		{3BDA9632-8118-48F1-AD70-8A0E0B32B988}.Debug|x64.ActiveCfg = Debug|Any CPU
		{3BDA9632-8118-48F1-AD70-8A0E0B32B988}.Debug|x64.Build.0 = Debug|Any CPU
		{3BDA9632-8118-48F1-AD70-8A0E0B32B988}.Debug|x86.ActiveCfg = Debug|Any CPU
		{3BDA9632-8118-48F1-AD70-8A0E0B32B988}.Debug|x86.Build.0 = Debug|Any CPU
		{3BDA9632-8118-48F1-AD70-8A0E0B32B988}.Release|Any CPU.ActiveCfg = Release|Any CPU
		{3BDA9632-8118-48F1-AD70-8A0E0B32B988}.Release|Any CPU.Build.0 = Release|Any CPU
		{3BDA9632-8118-48F1-AD70-8A0E0B32B988}.Release|x64.ActiveCfg = Release|Any CPU
		{3BDA9632-8118-48F1-AD70-8A0E0B32B988}.Release|x64.Build.0 = Release|Any CPU
		{3BDA9632-8118-48F1-AD70-8A0E0B32B988}.Release|x86.ActiveCfg = Release|Any CPU
		{3BDA9632-8118-48F1-AD70-8A0E0B32B988}.Release|x86.Build.0 = Release|Any CPU
		{9DA54E1D-56EA-4BE6-AAB1-F1671D35EA67}.Debug|Any CPU.ActiveCfg = Debug|Any CPU
		{9DA54E1D-56EA-4BE6-AAB1-F1671D35EA67}.Debug|Any CPU.Build.0 = Debug|Any CPU
		{9DA54E1D-56EA-4BE6-AAB1-F1671D35EA67}.Debug|x64.ActiveCfg = Debug|Any CPU
		{9DA54E1D-56EA-4BE6-AAB1-F1671D35EA67}.Debug|x64.Build.0 = Debug|Any CPU
		{9DA54E1D-56EA-4BE6-AAB1-F1671D35EA67}.Debug|x86.ActiveCfg = Debug|Any CPU
		{9DA54E1D-56EA-4BE6-AAB1-F1671D35EA67}.Debug|x86.Build.0 = Debug|Any CPU
		{9DA54E1D-56EA-4BE6-AAB1-F1671D35EA67}.Release|Any CPU.ActiveCfg = Release|Any CPU
		{9DA54E1D-56EA-4BE6-AAB1-F1671D35EA67}.Release|Any CPU.Build.0 = Release|Any CPU
		{9DA54E1D-56EA-4BE6-AAB1-F1671D35EA67}.Release|x64.ActiveCfg = Release|Any CPU
		{9DA54E1D-56EA-4BE6-AAB1-F1671D35EA67}.Release|x64.Build.0 = Release|Any CPU
		{9DA54E1D-56EA-4BE6-AAB1-F1671D35EA67}.Release|x86.ActiveCfg = Release|Any CPU
		{9DA54E1D-56EA-4BE6-AAB1-F1671D35EA67}.Release|x86.Build.0 = Release|Any CPU
		{E3B5A30C-ECDD-4C2B-A9F8-28329CF94A61}.Debug|Any CPU.ActiveCfg = Debug|Any CPU
		{E3B5A30C-ECDD-4C2B-A9F8-28329CF94A61}.Debug|Any CPU.Build.0 = Debug|Any CPU
		{E3B5A30C-ECDD-4C2B-A9F8-28329CF94A61}.Debug|x64.ActiveCfg = Debug|Any CPU
		{E3B5A30C-ECDD-4C2B-A9F8-28329CF94A61}.Debug|x64.Build.0 = Debug|Any CPU
		{E3B5A30C-ECDD-4C2B-A9F8-28329CF94A61}.Debug|x86.ActiveCfg = Debug|Any CPU
		{E3B5A30C-ECDD-4C2B-A9F8-28329CF94A61}.Debug|x86.Build.0 = Debug|Any CPU
		{E3B5A30C-ECDD-4C2B-A9F8-28329CF94A61}.Release|Any CPU.ActiveCfg = Release|Any CPU
		{E3B5A30C-ECDD-4C2B-A9F8-28329CF94A61}.Release|Any CPU.Build.0 = Release|Any CPU
		{E3B5A30C-ECDD-4C2B-A9F8-28329CF94A61}.Release|x64.ActiveCfg = Release|Any CPU
		{E3B5A30C-ECDD-4C2B-A9F8-28329CF94A61}.Release|x64.Build.0 = Release|Any CPU
		{E3B5A30C-ECDD-4C2B-A9F8-28329CF94A61}.Release|x86.ActiveCfg = Release|Any CPU
		{E3B5A30C-ECDD-4C2B-A9F8-28329CF94A61}.Release|x86.Build.0 = Release|Any CPU
		{C8EBE315-5DA6-4087-860C-561342AEBA03}.Debug|Any CPU.ActiveCfg = Debug|Any CPU
		{C8EBE315-5DA6-4087-860C-561342AEBA03}.Debug|Any CPU.Build.0 = Debug|Any CPU
		{C8EBE315-5DA6-4087-860C-561342AEBA03}.Debug|x64.ActiveCfg = Debug|Any CPU
		{C8EBE315-5DA6-4087-860C-561342AEBA03}.Debug|x64.Build.0 = Debug|Any CPU
		{C8EBE315-5DA6-4087-860C-561342AEBA03}.Debug|x86.ActiveCfg = Debug|Any CPU
		{C8EBE315-5DA6-4087-860C-561342AEBA03}.Debug|x86.Build.0 = Debug|Any CPU
		{C8EBE315-5DA6-4087-860C-561342AEBA03}.Release|Any CPU.ActiveCfg = Release|Any CPU
		{C8EBE315-5DA6-4087-860C-561342AEBA03}.Release|Any CPU.Build.0 = Release|Any CPU
		{C8EBE315-5DA6-4087-860C-561342AEBA03}.Release|x64.ActiveCfg = Release|Any CPU
		{C8EBE315-5DA6-4087-860C-561342AEBA03}.Release|x64.Build.0 = Release|Any CPU
		{C8EBE315-5DA6-4087-860C-561342AEBA03}.Release|x86.ActiveCfg = Release|Any CPU
		{C8EBE315-5DA6-4087-860C-561342AEBA03}.Release|x86.Build.0 = Release|Any CPU
		{55827AB6-5A62-4DFE-9699-688F7F990C30}.Debug|Any CPU.ActiveCfg = Debug|Any CPU
		{55827AB6-5A62-4DFE-9699-688F7F990C30}.Debug|Any CPU.Build.0 = Debug|Any CPU
		{55827AB6-5A62-4DFE-9699-688F7F990C30}.Debug|x64.ActiveCfg = Debug|Any CPU
		{55827AB6-5A62-4DFE-9699-688F7F990C30}.Debug|x64.Build.0 = Debug|Any CPU
		{55827AB6-5A62-4DFE-9699-688F7F990C30}.Debug|x86.ActiveCfg = Debug|Any CPU
		{55827AB6-5A62-4DFE-9699-688F7F990C30}.Debug|x86.Build.0 = Debug|Any CPU
		{55827AB6-5A62-4DFE-9699-688F7F990C30}.Release|Any CPU.ActiveCfg = Release|Any CPU
		{55827AB6-5A62-4DFE-9699-688F7F990C30}.Release|Any CPU.Build.0 = Release|Any CPU
		{55827AB6-5A62-4DFE-9699-688F7F990C30}.Release|x64.ActiveCfg = Release|Any CPU
		{55827AB6-5A62-4DFE-9699-688F7F990C30}.Release|x64.Build.0 = Release|Any CPU
		{55827AB6-5A62-4DFE-9699-688F7F990C30}.Release|x86.ActiveCfg = Release|Any CPU
		{55827AB6-5A62-4DFE-9699-688F7F990C30}.Release|x86.Build.0 = Release|Any CPU
		{56324FCA-1802-45F2-B73B-24F7D663D967}.Debug|Any CPU.ActiveCfg = Debug|Any CPU
		{56324FCA-1802-45F2-B73B-24F7D663D967}.Debug|Any CPU.Build.0 = Debug|Any CPU
		{56324FCA-1802-45F2-B73B-24F7D663D967}.Debug|x64.ActiveCfg = Debug|Any CPU
		{56324FCA-1802-45F2-B73B-24F7D663D967}.Debug|x64.Build.0 = Debug|Any CPU
		{56324FCA-1802-45F2-B73B-24F7D663D967}.Debug|x86.ActiveCfg = Debug|Any CPU
		{56324FCA-1802-45F2-B73B-24F7D663D967}.Debug|x86.Build.0 = Debug|Any CPU
		{56324FCA-1802-45F2-B73B-24F7D663D967}.Release|Any CPU.ActiveCfg = Release|Any CPU
		{56324FCA-1802-45F2-B73B-24F7D663D967}.Release|Any CPU.Build.0 = Release|Any CPU
		{56324FCA-1802-45F2-B73B-24F7D663D967}.Release|x64.ActiveCfg = Release|Any CPU
		{56324FCA-1802-45F2-B73B-24F7D663D967}.Release|x64.Build.0 = Release|Any CPU
		{56324FCA-1802-45F2-B73B-24F7D663D967}.Release|x86.ActiveCfg = Release|Any CPU
		{56324FCA-1802-45F2-B73B-24F7D663D967}.Release|x86.Build.0 = Release|Any CPU
		{977134BD-85BD-4F69-9895-E207BDB9DEE7}.Debug|Any CPU.ActiveCfg = Debug|Any CPU
		{977134BD-85BD-4F69-9895-E207BDB9DEE7}.Debug|Any CPU.Build.0 = Debug|Any CPU
		{977134BD-85BD-4F69-9895-E207BDB9DEE7}.Debug|x64.ActiveCfg = Debug|Any CPU
		{977134BD-85BD-4F69-9895-E207BDB9DEE7}.Debug|x64.Build.0 = Debug|Any CPU
		{977134BD-85BD-4F69-9895-E207BDB9DEE7}.Debug|x86.ActiveCfg = Debug|Any CPU
		{977134BD-85BD-4F69-9895-E207BDB9DEE7}.Debug|x86.Build.0 = Debug|Any CPU
		{977134BD-85BD-4F69-9895-E207BDB9DEE7}.Release|Any CPU.ActiveCfg = Release|Any CPU
		{977134BD-85BD-4F69-9895-E207BDB9DEE7}.Release|Any CPU.Build.0 = Release|Any CPU
		{977134BD-85BD-4F69-9895-E207BDB9DEE7}.Release|x64.ActiveCfg = Release|Any CPU
		{977134BD-85BD-4F69-9895-E207BDB9DEE7}.Release|x64.Build.0 = Release|Any CPU
		{977134BD-85BD-4F69-9895-E207BDB9DEE7}.Release|x86.ActiveCfg = Release|Any CPU
		{977134BD-85BD-4F69-9895-E207BDB9DEE7}.Release|x86.Build.0 = Release|Any CPU
	EndGlobalSection
	GlobalSection(SolutionProperties) = preSolution
		HideSolutionNode = FALSE
	EndGlobalSection
	GlobalSection(NestedProjects) = preSolution
		{FD82910B-A0F0-4E7B-81EB-64C4870FFB45} = {827E0CD3-B72D-47B6-A68D-7590B98EB39B}
		{547A4A07-D4EE-42EB-93C1-C5D56B4956B3} = {0AB3BF05-4346-4AA6-1389-037BE0695223}
		{E18A0FE4-E48D-44A2-AAF8-775D8793E5E9} = {B36A84DF-456D-A817-6EDD-3EC3E7F6E11F}
		{675C4EAB-7AE1-452D-AED9-37F770D4E60B} = {827E0CD3-B72D-47B6-A68D-7590B98EB39B}
		{A5B8F3D2-4E9C-4B7D-9F8E-12D456789ABC} = {827E0CD3-B72D-47B6-A68D-7590B98EB39B}
		{B6C9E4D3-5F0D-4C8E-AF9F-23E567890BCD} = {0AB3BF05-4346-4AA6-1389-037BE0695223}
		{C7D0F5E4-6F1E-4D9F-BF0F-34F678901CDE} = {B36A84DF-456D-A817-6EDD-3EC3E7F6E11F}
		{BB61BD03-6E3B-4E47-92DA-6446D3A1D6E3} = {827E0CD3-B72D-47B6-A68D-7590B98EB39B}
		{7FC4C5CA-9487-4598-B3C5-E3C911C26DC2} = {0AB3BF05-4346-4AA6-1389-037BE0695223}
		{6B99631E-3D3A-4F88-A34F-7E2C8A04B1C9} = {B36A84DF-456D-A817-6EDD-3EC3E7F6E11F}
		{5056D07D-E95C-45A0-8BD7-32B10BADA29F} = {B36A84DF-456D-A817-6EDD-3EC3E7F6E11F}
		{B9228613-5DAC-4B15-932C-6F82EBCD09E4} = {0AB3BF05-4346-4AA6-1389-037BE0695223}
		{39D4042C-F055-4FDA-806C-A96ADDEB8A35} = {0AB3BF05-4346-4AA6-1389-037BE0695223}
		{426BBEA0-7F54-4E4B-9615-7830F29026AB} = {0AB3BF05-4346-4AA6-1389-037BE0695223}
		{08B0F3C9-B9E0-473E-9E04-6C063E026618} = {827E0CD3-B72D-47B6-A68D-7590B98EB39B}
		{13EFF4D6-C5D3-4B08-B7F9-CE8BC4D6DB4E} = {827E0CD3-B72D-47B6-A68D-7590B98EB39B}
		{D7EB3235-8490-4A58-8CD2-DDFA4E0F5BB1} = {827E0CD3-B72D-47B6-A68D-7590B98EB39B}
		{5507E9C6-4BFA-420A-AC6F-843865647A27} = {827E0CD3-B72D-47B6-A68D-7590B98EB39B}
		{7F702A06-DBE1-4299-A723-D52294B2E014} = {827E0CD3-B72D-47B6-A68D-7590B98EB39B}
		{3BDA9632-8118-48F1-AD70-8A0E0B32B988} = {0AB3BF05-4346-4AA6-1389-037BE0695223}
		{9DA54E1D-56EA-4BE6-AAB1-F1671D35EA67} = {0AB3BF05-4346-4AA6-1389-037BE0695223}
		{E3B5A30C-ECDD-4C2B-A9F8-28329CF94A61} = {0AB3BF05-4346-4AA6-1389-037BE0695223}
		{C8EBE315-5DA6-4087-860C-561342AEBA03} = {0AB3BF05-4346-4AA6-1389-037BE0695223}
		{55827AB6-5A62-4DFE-9699-688F7F990C30} = {B36A84DF-456D-A817-6EDD-3EC3E7F6E11F}
		{56324FCA-1802-45F2-B73B-24F7D663D967} = {827E0CD3-B72D-47B6-A68D-7590B98EB39B}
		{977134BD-85BD-4F69-9895-E207BDB9DEE7} = {0AB3BF05-4346-4AA6-1389-037BE0695223}
	EndGlobalSection
EndGlobal
